Microsoft Visual Studio Solution File, Format Version 12.00
# Visual Studio 2012
Project("{FAE04EC0-301F-11D3-BF4B-00C04F79EFBC}") = "Mine Imator Simply Remade", "Mine Imator Simply Remade.csproj", "{A016EEF0-A968-466B-BFDD-AF6117A64A47}"
EndProject
Global
	GlobalSection(SolutionConfigurationPlatforms) = preSolution
	Debug|Any CPU = Debug|Any CPU
	ExportDebug|Any CPU = ExportDebug|Any CPU
	ExportRelease|Any CPU = ExportRelease|Any CPU
	EndGlobalSection
	GlobalSection(ProjectConfigurationPlatforms) = postSolution
		{A016EEF0-A968-466B-BFDD-AF6117A64A47}.Debug|Any CPU.ActiveCfg = Debug|Any CPU
		{A016EEF0-A968-466B-BFDD-AF6117A64A47}.Debug|Any CPU.Build.0 = Debug|Any CPU
		{A016EEF0-A968-466B-BFDD-AF6117A64A47}.ExportDebug|Any CPU.ActiveCfg = ExportDebug|Any CPU
		{A016EEF0-A968-466B-BFDD-AF6117A64A47}.ExportDebug|Any CPU.Build.0 = ExportDebug|Any CPU
		{A016EEF0-A968-466B-BFDD-AF6117A64A47}.ExportRelease|Any CPU.ActiveCfg = ExportRelease|Any CPU
		{A016EEF0-A968-466B-BFDD-AF6117A64A47}.ExportRelease|Any CPU.Build.0 = ExportRelease|Any CPU
	EndGlobalSection
EndGlobal
